
Microsoft Visual Studio Solution File, Format Version 12.00
# Visual Studio Version 16
VisualStudioVersion = 16.0.29519.87
MinimumVisualStudioVersion = 10.0.40219.1
Project("{2150E333-8FDC-42A3-9474-1A3956D46DE8}") = "ClientApplications", "ClientApplications", "{C75C918A-7156-4B4F-A52E-175A7DC14B20}"
EndProject
Project("{2150E333-8FDC-42A3-9474-1A3956D46DE8}") = "Application", "Application", "{E8211B46-4F52-4437-BCDC-A386CAAD573A}"
EndProject
Project("{9A19103F-16F7-4668-BE54-9A1E7A4F7556}") = "ERP.Mursheed.Services", "ERP.Mursheed.Services\ERP.Mursheed.Services.csproj", "{AA531370-C929-4DD1-AFF6-C6ACED72300F}"
EndProject
Project("{9A19103F-16F7-4668-BE54-9A1E7A4F7556}") = "ERP.Mursheed.Utility", "ERP.Mursheed.Utility\ERP.Mursheed.Utility.csproj", "{C86CA69A-9E60-4DF7-B7FC-7F6EDF6FBCD3}"
EndProject
Project("{2150E333-8FDC-42A3-9474-1A3956D46DE8}") = "DistributedService", "DistributedService", "{CDDB2B5E-3710-47D4-89DE-279D443FC909}"
EndProject
Project("{2150E333-8FDC-42A3-9474-1A3956D46DE8}") = "Domain", "Domain", "{FB736849-79C4-4352-A0D6-67DFEA9C263A}"
EndProject
Project("{2150E333-8FDC-42A3-9474-1A3956D46DE8}") = "Infrastructure", "Infrastructure", "{15E0548B-8FD8-4860-8E23-3C89167C6952}"
EndProject
Project("{9A19103F-16F7-4668-BE54-9A1E7A4F7556}") = "ERP.Mursheed.WebCoreMVC_3_1", "ERP.Mursheed.WebCoreMVC_3_1\ERP.Mursheed.WebCoreMVC_3_1.csproj", "{F8C37249-89AB-4471-89FE-B94E5C5C7207}"
EndProject
Project("{9A19103F-16F7-4668-BE54-9A1E7A4F7556}") = "ERP.Mursheed.Entities", "ERP.Mursheed.Entities\ERP.Mursheed.Entities.csproj", "{175AD5DF-E27C-4E1D-95FC-974478EA3614}"
EndProject
Project("{9A19103F-16F7-4668-BE54-9A1E7A4F7556}") = "ERP.Mursheed.Repositories", "ERP.Mursheed.Repositories\ERP.Mursheed.Repositories.csproj", "{E579990F-0AB3-4D2D-B707-EB820DAB21C8}"
EndProject
Project("{9A19103F-16F7-4668-BE54-9A1E7A4F7556}") = "ERP.Mursheed.Repositories.Interfaces", "ERP.Mursheed.Repositories.Interfaces\ERP.Mursheed.Repositories.Interfaces.csproj", "{F6F0A891-2276-48E7-8777-80455618E632}"
EndProject
Global
	GlobalSection(SolutionConfigurationPlatforms) = preSolution
		Debug|Any CPU = Debug|Any CPU
		Release|Any CPU = Release|Any CPU
	EndGlobalSection
	GlobalSection(ProjectConfigurationPlatforms) = postSolution
		{AA531370-C929-4DD1-AFF6-C6ACED72300F}.Debug|Any CPU.ActiveCfg = Debug|Any CPU
		{AA531370-C929-4DD1-AFF6-C6ACED72300F}.Debug|Any CPU.Build.0 = Debug|Any CPU
		{AA531370-C929-4DD1-AFF6-C6ACED72300F}.Release|Any CPU.ActiveCfg = Release|Any CPU
		{AA531370-C929-4DD1-AFF6-C6ACED72300F}.Release|Any CPU.Build.0 = Release|Any CPU
		{C86CA69A-9E60-4DF7-B7FC-7F6EDF6FBCD3}.Debug|Any CPU.ActiveCfg = Debug|Any CPU
		{C86CA69A-9E60-4DF7-B7FC-7F6EDF6FBCD3}.Debug|Any CPU.Build.0 = Debug|Any CPU
		{C86CA69A-9E60-4DF7-B7FC-7F6EDF6FBCD3}.Release|Any CPU.ActiveCfg = Release|Any CPU
		{C86CA69A-9E60-4DF7-B7FC-7F6EDF6FBCD3}.Release|Any CPU.Build.0 = Release|Any CPU
		{F8C37249-89AB-4471-89FE-B94E5C5C7207}.Debug|Any CPU.ActiveCfg = Debug|Any CPU
		{F8C37249-89AB-4471-89FE-B94E5C5C7207}.Debug|Any CPU.Build.0 = Debug|Any CPU
		{F8C37249-89AB-4471-89FE-B94E5C5C7207}.Release|Any CPU.ActiveCfg = Release|Any CPU
		{F8C37249-89AB-4471-89FE-B94E5C5C7207}.Release|Any CPU.Build.0 = Release|Any CPU
		{175AD5DF-E27C-4E1D-95FC-974478EA3614}.Debug|Any CPU.ActiveCfg = Debug|Any CPU
		{175AD5DF-E27C-4E1D-95FC-974478EA3614}.Debug|Any CPU.Build.0 = Debug|Any CPU
		{175AD5DF-E27C-4E1D-95FC-974478EA3614}.Release|Any CPU.ActiveCfg = Release|Any CPU
		{175AD5DF-E27C-4E1D-95FC-974478EA3614}.Release|Any CPU.Build.0 = Release|Any CPU
		{E579990F-0AB3-4D2D-B707-EB820DAB21C8}.Debug|Any CPU.ActiveCfg = Debug|Any CPU
		{E579990F-0AB3-4D2D-B707-EB820DAB21C8}.Debug|Any CPU.Build.0 = Debug|Any CPU
		{E579990F-0AB3-4D2D-B707-EB820DAB21C8}.Release|Any CPU.ActiveCfg = Release|Any CPU
		{E579990F-0AB3-4D2D-B707-EB820DAB21C8}.Release|Any CPU.Build.0 = Release|Any CPU
		{F6F0A891-2276-48E7-8777-80455618E632}.Debug|Any CPU.ActiveCfg = Debug|Any CPU
		{F6F0A891-2276-48E7-8777-80455618E632}.Debug|Any CPU.Build.0 = Debug|Any CPU
		{F6F0A891-2276-48E7-8777-80455618E632}.Release|Any CPU.ActiveCfg = Release|Any CPU
		{F6F0A891-2276-48E7-8777-80455618E632}.Release|Any CPU.Build.0 = Release|Any CPU
	EndGlobalSection
	GlobalSection(SolutionProperties) = preSolution
		HideSolutionNode = FALSE
	EndGlobalSection
	GlobalSection(NestedProjects) = preSolution
		{E8211B46-4F52-4437-BCDC-A386CAAD573A} = {C75C918A-7156-4B4F-A52E-175A7DC14B20}
		{AA531370-C929-4DD1-AFF6-C6ACED72300F} = {E8211B46-4F52-4437-BCDC-A386CAAD573A}
		{C86CA69A-9E60-4DF7-B7FC-7F6EDF6FBCD3} = {E8211B46-4F52-4437-BCDC-A386CAAD573A}
		{F8C37249-89AB-4471-89FE-B94E5C5C7207} = {CDDB2B5E-3710-47D4-89DE-279D443FC909}
		{175AD5DF-E27C-4E1D-95FC-974478EA3614} = {FB736849-79C4-4352-A0D6-67DFEA9C263A}
		{E579990F-0AB3-4D2D-B707-EB820DAB21C8} = {15E0548B-8FD8-4860-8E23-3C89167C6952}
		{F6F0A891-2276-48E7-8777-80455618E632} = {FB736849-79C4-4352-A0D6-67DFEA9C263A}
	EndGlobalSection
	GlobalSection(ExtensibilityGlobals) = postSolution
		SolutionGuid = {FA724ADE-F644-4FC7-A6B4-9E6FEDA05699}
	EndGlobalSection
EndGlobal
